
Microsoft Visual Studio Solution File, Format Version 12.00
# Visual Studio Version 16
VisualStudioVersion = 16.0.31605.320
MinimumVisualStudioVersion = 10.0.40219.1
Project("{9A19103F-16F7-4668-BE54-9A1E7A4F7556}") = "todozulu.common", "todozulu.common\todozulu.common.csproj", "{EBAA09BB-374E-48AE-A090-EEC458F2A055}"
EndProject
Project("{9A19103F-16F7-4668-BE54-9A1E7A4F7556}") = "todozulu.Functions", "todozulu.Functions\todozulu.Functions.csproj", "{A4E80590-3C35-4992-B78B-2108F223D8E8}"
EndProject
Project("{9A19103F-16F7-4668-BE54-9A1E7A4F7556}") = "todozulu.tests", "todozulu.tests\todozulu.tests.csproj", "{8C638B6D-9966-4D77-8048-9A780DF4D855}"
EndProject
Global
	GlobalSection(SolutionConfigurationPlatforms) = preSolution
		Debug|Any CPU = Debug|Any CPU
		Release|Any CPU = Release|Any CPU
	EndGlobalSection
	GlobalSection(ProjectConfigurationPlatforms) = postSolution
		{EBAA09BB-374E-48AE-A090-EEC458F2A055}.Debug|Any CPU.ActiveCfg = Debug|Any CPU
		{EBAA09BB-374E-48AE-A090-EEC458F2A055}.Debug|Any CPU.Build.0 = Debug|Any CPU
		{EBAA09BB-374E-48AE-A090-EEC458F2A055}.Release|Any CPU.ActiveCfg = Release|Any CPU
		{EBAA09BB-374E-48AE-A090-EEC458F2A055}.Release|Any CPU.Build.0 = Release|Any CPU
		{A4E80590-3C35-4992-B78B-2108F223D8E8}.Debug|Any CPU.ActiveCfg = Debug|Any CPU
		{A4E80590-3C35-4992-B78B-2108F223D8E8}.Debug|Any CPU.Build.0 = Debug|Any CPU
		{A4E80590-3C35-4992-B78B-2108F223D8E8}.Release|Any CPU.ActiveCfg = Release|Any CPU
		{A4E80590-3C35-4992-B78B-2108F223D8E8}.Release|Any CPU.Build.0 = Release|Any CPU
		{8C638B6D-9966-4D77-8048-9A780DF4D855}.Debug|Any CPU.ActiveCfg = Debug|Any CPU
		{8C638B6D-9966-4D77-8048-9A780DF4D855}.Debug|Any CPU.Build.0 = Debug|Any CPU
		{8C638B6D-9966-4D77-8048-9A780DF4D855}.Release|Any CPU.ActiveCfg = Release|Any CPU
		{8C638B6D-9966-4D77-8048-9A780DF4D855}.Release|Any CPU.Build.0 = Release|Any CPU
	EndGlobalSection
	GlobalSection(SolutionProperties) = preSolution
		HideSolutionNode = FALSE
	EndGlobalSection
	GlobalSection(ExtensibilityGlobals) = postSolution
		SolutionGuid = {5940DDC8-18F9-4C27-95FE-992BACAFF149}
	EndGlobalSection
EndGlobal
